
Microsoft Visual Studio Solution File, Format Version 12.00
# Visual Studio 15
VisualStudioVersion = 15.0.28307.779
MinimumVisualStudioVersion = 10.0.40219.1
Project("{FAE04EC0-301F-11D3-BF4B-00C04F79EFBC}") = "WpfApp", "WpfApp\WpfApp.csproj", "{338960F4-819D-4A0B-A0A8-4019C67888F0}"
EndProject
Global
	GlobalSection(SolutionConfigurationPlatforms) = preSolution
		Debug|Any CPU = Debug|Any CPU
		Release|Any CPU = Release|Any CPU
	EndGlobalSection
	GlobalSection(ProjectConfigurationPlatforms) = postSolution
		{338960F4-819D-4A0B-A0A8-4019C67888F0}.Debug|Any CPU.ActiveCfg = Debug|Any CPU
		{338960F4-819D-4A0B-A0A8-4019C67888F0}.Debug|Any CPU.Build.0 = Debug|Any CPU
		{338960F4-819D-4A0B-A0A8-4019C67888F0}.Release|Any CPU.ActiveCfg = Release|Any CPU
		{338960F4-819D-4A0B-A0A8-4019C67888F0}.Release|Any CPU.Build.0 = Release|Any CPU
	EndGlobalSection
	GlobalSection(SolutionProperties) = preSolution
		HideSolutionNode = FALSE
	EndGlobalSection
	GlobalSection(ExtensibilityGlobals) = postSolution
		SolutionGuid = {639B8B12-6816-487E-AC45-17AEFD9B0F93}
	EndGlobalSection
EndGlobal
